// !$*UTF8*$!
{
	archiveVersion = 1;
	classes = {
	};
	objectVersion = 46;
	objects = {

/* Begin PBXBuildFile section */
		C7401D9917846A8B006074B3 /* UIKit.framework in Frameworks */ = {isa = PBXBuildFile; fileRef = C7401D9817846A8B006074B3 /* UIKit.framework */; };
		C7401D9B17846A8B006074B3 /* Foundation.framework in Frameworks */ = {isa = PBXBuildFile; fileRef = C7401D9A17846A8B006074B3 /* Foundation.framework */; };
		C7401D9D17846A8B006074B3 /* CoreGraphics.framework in Frameworks */ = {isa = PBXBuildFile; fileRef = C7401D9C17846A8B006074B3 /* CoreGraphics.framework */; };
		C7401DA317846A8B006074B3 /* InfoPlist.strings in Resources */ = {isa = PBXBuildFile; fileRef = C7401DA117846A8B006074B3 /* InfoPlist.strings */; };
		C7401DA517846A8B006074B3 /* main.m in Sources */ = {isa = PBXBuildFile; fileRef = C7401DA417846A8B006074B3 /* main.m */; };
		C7401DA917846A8B006074B3 /* TEAppDelegate.m in Sources */ = {isa = PBXBuildFile; fileRef = C7401DA817846A8B006074B3 /* TEAppDelegate.m */; };
		C7401DAB17846A8B006074B3 /* Default.png in Resources */ = {isa = PBXBuildFile; fileRef = C7401DAA17846A8B006074B3 /* Default.png */; };
		C7401DAD17846A8B006074B3 /* Default@2x.png in Resources */ = {isa = PBXBuildFile; fileRef = C7401DAC17846A8B006074B3 /* Default@2x.png */; };
		C7401DAF17846A8B006074B3 /* Default-568h@2x.png in Resources */ = {isa = PBXBuildFile; fileRef = C7401DAE17846A8B006074B3 /* Default-568h@2x.png */; };
		C7401DB817846DDB006074B3 /* TERootViewController.m in Sources */ = {isa = PBXBuildFile; fileRef = C7401DB617846DDB006074B3 /* TERootViewController.m */; };
		C7401DB917846DDB006074B3 /* TERootViewController.xib in Resources */ = {isa = PBXBuildFile; fileRef = C7401DB717846DDB006074B3 /* TERootViewController.xib */; };
		C7401DC117846E34006074B3 /* IISideController.m in Sources */ = {isa = PBXBuildFile; fileRef = C7401DBC17846E34006074B3 /* IISideController.m */; };
		C7401DC217846E34006074B3 /* IIViewDeckController.m in Sources */ = {isa = PBXBuildFile; fileRef = C7401DBE17846E34006074B3 /* IIViewDeckController.m */; };
		C7401DC317846E34006074B3 /* IIWrapController.m in Sources */ = {isa = PBXBuildFile; fileRef = C7401DC017846E34006074B3 /* IIWrapController.m */; };
		C7401DC717846FC5006074B3 /* TELeftViewController.m in Sources */ = {isa = PBXBuildFile; fileRef = C7401DC517846FC5006074B3 /* TELeftViewController.m */; };
		C7401DC817846FC5006074B3 /* TELeftViewController.xib in Resources */ = {isa = PBXBuildFile; fileRef = C7401DC617846FC5006074B3 /* TELeftViewController.xib */; };
		C7401DCC178470DB006074B3 /* TERightViewController.m in Sources */ = {isa = PBXBuildFile; fileRef = C7401DCA178470DB006074B3 /* TERightViewController.m */; };
		C7401DCD178470DB006074B3 /* TERightViewController.xib in Resources */ = {isa = PBXBuildFile; fileRef = C7401DCB178470DB006074B3 /* TERightViewController.xib */; };
		C7401DCF178474C7006074B3 /* QuartzCore.framework in Frameworks */ = {isa = PBXBuildFile; fileRef = C7401DCE178474C6006074B3 /* QuartzCore.framework */; };
/* End PBXBuildFile section */

/* Begin PBXFileReference section */
		C7401D9517846A8B006074B3 /* ViewDeckMenuTest.app */ = {isa = PBXFileReference; explicitFileType = wrapper.application; includeInIndex = 0; path = ViewDeckMenuTest.app; sourceTree = BUILT_PRODUCTS_DIR; };
		C7401D9817846A8B006074B3 /* UIKit.framework */ = {isa = PBXFileReference; lastKnownFileType = wrapper.framework; name = UIKit.framework; path = System/Library/Frameworks/UIKit.framework; sourceTree = SDKROOT; };
		C7401D9A17846A8B006074B3 /* Foundation.framework */ = {isa = PBXFileReference; lastKnownFileType = wrapper.framework; name = Foundation.framework; path = System/Library/Frameworks/Foundation.framework; sourceTree = SDKROOT; };
		C7401D9C17846A8B006074B3 /* CoreGraphics.framework */ = {isa = PBXFileReference; lastKnownFileType = wrapper.framework; name = CoreGraphics.framework; path = System/Library/Frameworks/CoreGraphics.framework; sourceTree = SDKROOT; };
		C7401DA017846A8B006074B3 /* ViewDeckMenuTest-Info.plist */ = {isa = PBXFileReference; lastKnownFileType = text.plist.xml; path = "ViewDeckMenuTest-Info.plist"; sourceTree = "<group>"; };
		C7401DA217846A8B006074B3 /* en */ = {isa = PBXFileReference; lastKnownFileType = text.plist.strings; name = en; path = en.lproj/InfoPlist.strings; sourceTree = "<group>"; };
		C7401DA417846A8B006074B3 /* main.m */ = {isa = PBXFileReference; lastKnownFileType = sourcecode.c.objc; path = main.m; sourceTree = "<group>"; };
		C7401DA617846A8B006074B3 /* ViewDeckMenuTest-Prefix.pch */ = {isa = PBXFileReference; lastKnownFileType = sourcecode.c.h; path = "ViewDeckMenuTest-Prefix.pch"; sourceTree = "<group>"; };
		C7401DA717846A8B006074B3 /* TEAppDelegate.h */ = {isa = PBXFileReference; lastKnownFileType = sourcecode.c.h; path = TEAppDelegate.h; sourceTree = "<group>"; };
		C7401DA817846A8B006074B3 /* TEAppDelegate.m */ = {isa = PBXFileReference; lastKnownFileType = sourcecode.c.objc; path = TEAppDelegate.m; sourceTree = "<group>"; };
		C7401DAA17846A8B006074B3 /* Default.png */ = {isa = PBXFileReference; lastKnownFileType = image.png; path = Default.png; sourceTree = "<group>"; };
		C7401DAC17846A8B006074B3 /* Default@2x.png */ = {isa = PBXFileReference; lastKnownFileType = image.png; path = "Default@2x.png"; sourceTree = "<group>"; };
		C7401DAE17846A8B006074B3 /* Default-568h@2x.png */ = {isa = PBXFileReference; lastKnownFileType = image.png; path = "Default-568h@2x.png"; sourceTree = "<group>"; };
		C7401DB517846DDB006074B3 /* TERootViewController.h */ = {isa = PBXFileReference; fileEncoding = 4; lastKnownFileType = sourcecode.c.h; path = TERootViewController.h; sourceTree = "<group>"; };
		C7401DB617846DDB006074B3 /* TERootViewController.m */ = {isa = PBXFileReference; fileEncoding = 4; lastKnownFileType = sourcecode.c.objc; path = TERootViewController.m; sourceTree = "<group>"; };
		C7401DB717846DDB006074B3 /* TERootViewController.xib */ = {isa = PBXFileReference; fileEncoding = 4; lastKnownFileType = file.xib; path = TERootViewController.xib; sourceTree = "<group>"; };
		C7401DBB17846E34006074B3 /* IISideController.h */ = {isa = PBXFileReference; fileEncoding = 4; lastKnownFileType = sourcecode.c.h; path = IISideController.h; sourceTree = "<group>"; };
		C7401DBC17846E34006074B3 /* IISideController.m */ = {isa = PBXFileReference; fileEncoding = 4; lastKnownFileType = sourcecode.c.objc; path = IISideController.m; sourceTree = "<group>"; };
		C7401DBD17846E34006074B3 /* IIViewDeckController.h */ = {isa = PBXFileReference; fileEncoding = 4; lastKnownFileType = sourcecode.c.h; path = IIViewDeckController.h; sourceTree = "<group>"; };
		C7401DBE17846E34006074B3 /* IIViewDeckController.m */ = {isa = PBXFileReference; fileEncoding = 4; lastKnownFileType = sourcecode.c.objc; path = IIViewDeckController.m; sourceTree = "<group>"; };
		C7401DBF17846E34006074B3 /* IIWrapController.h */ = {isa = PBXFileReference; fileEncoding = 4; lastKnownFileType = sourcecode.c.h; path = IIWrapController.h; sourceTree = "<group>"; };
		C7401DC017846E34006074B3 /* IIWrapController.m */ = {isa = PBXFileReference; fileEncoding = 4; lastKnownFileType = sourcecode.c.objc; path = IIWrapController.m; sourceTree = "<group>"; };
		C7401DC417846FC5006074B3 /* TELeftViewController.h */ = {isa = PBXFileReference; fileEncoding = 4; lastKnownFileType = sourcecode.c.h; path = TELeftViewController.h; sourceTree = "<group>"; };
		C7401DC517846FC5006074B3 /* TELeftViewController.m */ = {isa = PBXFileReference; fileEncoding = 4; lastKnownFileType = sourcecode.c.objc; path = TELeftViewController.m; sourceTree = "<group>"; };
		C7401DC617846FC5006074B3 /* TELeftViewController.xib */ = {isa = PBXFileReference; fileEncoding = 4; lastKnownFileType = file.xib; path = TELeftViewController.xib; sourceTree = "<group>"; };
		C7401DC9178470DB006074B3 /* TERightViewController.h */ = {isa = PBXFileReference; fileEncoding = 4; lastKnownFileType = sourcecode.c.h; path = TERightViewController.h; sourceTree = "<group>"; };
		C7401DCA178470DB006074B3 /* TERightViewController.m */ = {isa = PBXFileReference; fileEncoding = 4; lastKnownFileType = sourcecode.c.objc; path = TERightViewController.m; sourceTree = "<group>"; };
		C7401DCB178470DB006074B3 /* TERightViewController.xib */ = {isa = PBXFileReference; fileEncoding = 4; lastKnownFileType = file.xib; path = TERightViewController.xib; sourceTree = "<group>"; };
		C7401DCE178474C6006074B3 /* QuartzCore.framework */ = {isa = PBXFileReference; lastKnownFileType = wrapper.framework; name = QuartzCore.framework; path = System/Library/Frameworks/QuartzCore.framework; sourceTree = SDKROOT; };
/* End PBXFileReference section */

/* Begin PBXFrameworksBuildPhase section */
		C7401D9217846A8B006074B3 /* Frameworks */ = {
			isa = PBXFrameworksBuildPhase;
			buildActionMask = 2147483647;
			files = (
				C7401DCF178474C7006074B3 /* QuartzCore.framework in Frameworks */,
				C7401D9917846A8B006074B3 /* UIKit.framework in Frameworks */,
				C7401D9B17846A8B006074B3 /* Foundation.framework in Frameworks */,
				C7401D9D17846A8B006074B3 /* CoreGraphics.framework in Frameworks */,
			);
			runOnlyForDeploymentPostprocessing = 0;
		};
/* End PBXFrameworksBuildPhase section */

/* Begin PBXGroup section */
		C7401D8C17846A8A006074B3 = {
			isa = PBXGroup;
			children = (
				C7401D9E17846A8B006074B3 /* ViewDeckMenuTest */,
				C7401D9717846A8B006074B3 /* Frameworks */,
				C7401D9617846A8B006074B3 /* Products */,
			);
			sourceTree = "<group>";
		};
		C7401D9617846A8B006074B3 /* Products */ = {
			isa = PBXGroup;
			children = (
				C7401D9517846A8B006074B3 /* ViewDeckMenuTest.app */,
			);
			name = Products;
			sourceTree = "<group>";
		};
		C7401D9717846A8B006074B3 /* Frameworks */ = {
			isa = PBXGroup;
			children = (
				C7401DCE178474C6006074B3 /* QuartzCore.framework */,
				C7401D9817846A8B006074B3 /* UIKit.framework */,
				C7401D9A17846A8B006074B3 /* Foundation.framework */,
				C7401D9C17846A8B006074B3 /* CoreGraphics.framework */,
			);
			name = Frameworks;
			sourceTree = "<group>";
		};
		C7401D9E17846A8B006074B3 /* ViewDeckMenuTest */ = {
			isa = PBXGroup;
			children = (
				C7401DBA17846E34006074B3 /* ViewDeck */,
				C7401DA717846A8B006074B3 /* TEAppDelegate.h */,
				C7401DA817846A8B006074B3 /* TEAppDelegate.m */,
				C7401D9F17846A8B006074B3 /* Supporting Files */,
				C7401DB517846DDB006074B3 /* TERootViewController.h */,
				C7401DB617846DDB006074B3 /* TERootViewController.m */,
				C7401DB717846DDB006074B3 /* TERootViewController.xib */,
				C7401DC417846FC5006074B3 /* TELeftViewController.h */,
				C7401DC517846FC5006074B3 /* TELeftViewController.m */,
				C7401DC617846FC5006074B3 /* TELeftViewController.xib */,
				C7401DC9178470DB006074B3 /* TERightViewController.h */,
				C7401DCA178470DB006074B3 /* TERightViewController.m */,
				C7401DCB178470DB006074B3 /* TERightViewController.xib */,
			);
			path = ViewDeckMenuTest;
			sourceTree = "<group>";
		};
		C7401D9F17846A8B006074B3 /* Supporting Files */ = {
			isa = PBXGroup;
			children = (
				C7401DA017846A8B006074B3 /* ViewDeckMenuTest-Info.plist */,
				C7401DA117846A8B006074B3 /* InfoPlist.strings */,
				C7401DA417846A8B006074B3 /* main.m */,
				C7401DA617846A8B006074B3 /* ViewDeckMenuTest-Prefix.pch */,
				C7401DAA17846A8B006074B3 /* Default.png */,
				C7401DAC17846A8B006074B3 /* Default@2x.png */,
				C7401DAE17846A8B006074B3 /* Default-568h@2x.png */,
			);
			name = "Supporting Files";
			sourceTree = "<group>";
		};
		C7401DBA17846E34006074B3 /* ViewDeck */ = {
			isa = PBXGroup;
			children = (
				C7401DBB17846E34006074B3 /* IISideController.h */,
				C7401DBC17846E34006074B3 /* IISideController.m */,
				C7401DBD17846E34006074B3 /* IIViewDeckController.h */,
				C7401DBE17846E34006074B3 /* IIViewDeckController.m */,
				C7401DBF17846E34006074B3 /* IIWrapController.h */,
				C7401DC017846E34006074B3 /* IIWrapController.m */,
			);
			path = ViewDeck;
			sourceTree = "<group>";
		};
/* End PBXGroup section */

/* Begin PBXNativeTarget section */
		C7401D9417846A8B006074B3 /* ViewDeckMenuTest */ = {
			isa = PBXNativeTarget;
			buildConfigurationList = C7401DB217846A8B006074B3 /* Build configuration list for PBXNativeTarget "ViewDeckMenuTest" */;
			buildPhases = (
				C7401D9117846A8B006074B3 /* Sources */,
				C7401D9217846A8B006074B3 /* Frameworks */,
				C7401D9317846A8B006074B3 /* Resources */,
			);
			buildRules = (
			);
			dependencies = (
			);
			name = ViewDeckMenuTest;
			productName = ViewDeckMenuTest;
			productReference = C7401D9517846A8B006074B3 /* ViewDeckMenuTest.app */;
			productType = "com.apple.product-type.application";
		};
/* End PBXNativeTarget section */

/* Begin PBXProject section */
		C7401D8D17846A8A006074B3 /* Project object */ = {
			isa = PBXProject;
			attributes = {
				CLASSPREFIX = TE;
				LastUpgradeCheck = 0460;
				ORGANIZATIONNAME = "Tuan Nguyen Anh";
			};
			buildConfigurationList = C7401D9017846A8A006074B3 /* Build configuration list for PBXProject "ViewDeckMenuTest" */;
			compatibilityVersion = "Xcode 3.2";
			developmentRegion = English;
			hasScannedForEncodings = 0;
			knownRegions = (
				en,
			);
			mainGroup = C7401D8C17846A8A006074B3;
			productRefGroup = C7401D9617846A8B006074B3 /* Products */;
			projectDirPath = "";
			projectRoot = "";
			targets = (
				C7401D9417846A8B006074B3 /* ViewDeckMenuTest */,
			);
		};
/* End PBXProject section */

/* Begin PBXResourcesBuildPhase section */
		C7401D9317846A8B006074B3 /* Resources */ = {
			isa = PBXResourcesBuildPhase;
			buildActionMask = 2147483647;
			files = (
				C7401DA317846A8B006074B3 /* InfoPlist.strings in Resources */,
				C7401DAB17846A8B006074B3 /* Default.png in Resources */,
				C7401DAD17846A8B006074B3 /* Default@2x.png in Resources */,
				C7401DAF17846A8B006074B3 /* Default-568h@2x.png in Resources */,
				C7401DB917846DDB006074B3 /* TERootViewController.xib in Resources */,
				C7401DC817846FC5006074B3 /* TELeftViewController.xib in Resources */,
				C7401DCD178470DB006074B3 /* TERightViewController.xib in Resources */,
			);
			runOnlyForDeploymentPostprocessing = 0;
		};
/* End PBXResourcesBuildPhase section */

/* Begin PBXSourcesBuildPhase section */
		C7401D9117846A8B006074B3 /* Sources */ = {
			isa = PBXSourcesBuildPhase;
			buildActionMask = 2147483647;
			files = (
				C7401DA517846A8B006074B3 /* main.m in Sources */,
				C7401DA917846A8B006074B3 /* TEAppDelegate.m in Sources */,
				C7401DB817846DDB006074B3 /* TERootViewController.m in Sources */,
				C7401DC117846E34006074B3 /* IISideController.m in Sources */,
				C7401DC217846E34006074B3 /* IIViewDeckController.m in Sources */,
				C7401DC317846E34006074B3 /* IIWrapController.m in Sources */,
				C7401DC717846FC5006074B3 /* TELeftViewController.m in Sources */,
				C7401DCC178470DB006074B3 /* TERightViewController.m in Sources */,
			);
			runOnlyForDeploymentPostprocessing = 0;
		};
/* End PBXSourcesBuildPhase section */

/* Begin PBXVariantGroup section */
		C7401DA117846A8B006074B3 /* InfoPlist.strings */ = {
			isa = PBXVariantGroup;
			children = (
				C7401DA217846A8B006074B3 /* en */,
			);
			name = InfoPlist.strings;
			sourceTree = "<group>";
		};
/* End PBXVariantGroup section */

/* Begin XCBuildConfiguration section */
		C7401DB017846A8B006074B3 /* Debug */ = {
			isa = XCBuildConfiguration;
			buildSettings = {
				ALWAYS_SEARCH_USER_PATHS = NO;
				CLANG_CXX_LANGUAGE_STANDARD = "gnu++0x";
				CLANG_CXX_LIBRARY = "libc++";
				CLANG_ENABLE_OBJC_ARC = YES;
				CLANG_WARN_CONSTANT_CONVERSION = YES;
				CLANG_WARN_EMPTY_BODY = YES;
				CLANG_WARN_ENUM_CONVERSION = YES;
				CLANG_WARN_INT_CONVERSION = YES;
				CLANG_WARN__DUPLICATE_METHOD_MATCH = YES;
				"CODE_SIGN_IDENTITY[sdk=iphoneos*]" = "iPhone Developer";
				COPY_PHASE_STRIP = NO;
				GCC_C_LANGUAGE_STANDARD = gnu99;
				GCC_DYNAMIC_NO_PIC = NO;
				GCC_OPTIMIZATION_LEVEL = 0;
				GCC_PREPROCESSOR_DEFINITIONS = (
					"DEBUG=1",
					"$(inherited)",
				);
				GCC_SYMBOLS_PRIVATE_EXTERN = NO;
				GCC_WARN_ABOUT_RETURN_TYPE = YES;
				GCC_WARN_UNINITIALIZED_AUTOS = YES;
				GCC_WARN_UNUSED_VARIABLE = YES;
				IPHONEOS_DEPLOYMENT_TARGET = 6.1;
				ONLY_ACTIVE_ARCH = YES;
				SDKROOT = iphoneos;
			};
			name = Debug;
		};
		C7401DB117846A8B006074B3 /* Release */ = {
			isa = XCBuildConfiguration;
			buildSettings = {
				ALWAYS_SEARCH_USER_PATHS = NO;
				CLANG_CXX_LANGUAGE_STANDARD = "gnu++0x";
				CLANG_CXX_LIBRARY = "libc++";
				CLANG_ENABLE_OBJC_ARC = YES;
				CLANG_WARN_CONSTANT_CONVERSION = YES;
				CLANG_WARN_EMPTY_BODY = YES;
				CLANG_WARN_ENUM_CONVERSION = YES;
				CLANG_WARN_INT_CONVERSION = YES;
				CLANG_WARN__DUPLICATE_METHOD_MATCH = YES;
				"CODE_SIGN_IDENTITY[sdk=iphoneos*]" = "iPhone Developer";
				COPY_PHASE_STRIP = YES;
				GCC_C_LANGUAGE_STANDARD = gnu99;
				GCC_WARN_ABOUT_RETURN_TYPE = YES;
				GCC_WARN_UNINITIALIZED_AUTOS = YES;
				GCC_WARN_UNUSED_VARIABLE = YES;
				IPHONEOS_DEPLOYMENT_TARGET = 6.1;
				OTHER_CFLAGS = "-DNS_BLOCK_ASSERTIONS=1";
				SDKROOT = iphoneos;
				VALIDATE_PRODUCT = YES;
			};
			name = Release;
		};
		C7401DB317846A8B006074B3 /* Debug */ = {
			isa = XCBuildConfiguration;
			buildSettings = {
				GCC_PRECOMPILE_PREFIX_HEADER = YES;
				GCC_PREFIX_HEADER = "ViewDeckMenuTest/ViewDeckMenuTest-Prefix.pch";
				INFOPLIST_FILE = "ViewDeckMenuTest/ViewDeckMenuTest-Info.plist";
				IPHONEOS_DEPLOYMENT_TARGET = 6.1;
				PRODUCT_NAME = "$(TARGET_NAME)";
				TARGETED_DEVICE_FAMILY = 2;
				WRAPPER_EXTENSION = app;
			};
			name = Debug;
		};
		C7401DB417846A8B006074B3 /* Release */ = {
			isa = XCBuildConfiguration;
			buildSettings = {
				GCC_PRECOMPILE_PREFIX_HEADER = YES;
				GCC_PREFIX_HEADER = "ViewDeckMenuTest/ViewDeckMenuTest-Prefix.pch";
				INFOPLIST_FILE = "ViewDeckMenuTest/ViewDeckMenuTest-Info.plist";
				IPHONEOS_DEPLOYMENT_TARGET = 6.1;
				PRODUCT_NAME = "$(TARGET_NAME)";
				TARGETED_DEVICE_FAMILY = 2;
				WRAPPER_EXTENSION = app;
			};
			name = Release;
		};
/* End XCBuildConfiguration section */

/* Begin XCConfigurationList section */
		C7401D9017846A8A006074B3 /* Build configuration list for PBXProject "ViewDeckMenuTest" */ = {
			isa = XCConfigurationList;
			buildConfigurations = (
				C7401DB017846A8B006074B3 /* Debug */,
				C7401DB117846A8B006074B3 /* Release */,
			);
			defaultConfigurationIsVisible = 0;
			defaultConfigurationName = Release;
		};
		C7401DB217846A8B006074B3 /* Build configuration list for PBXNativeTarget "ViewDeckMenuTest" */ = {
			isa = XCConfigurationList;
			buildConfigurations = (
				C7401DB317846A8B006074B3 /* Debug */,
				C7401DB417846A8B006074B3 /* Release */,
			);
			defaultConfigurationIsVisible = 0;
		};
/* End XCConfigurationList section */
	};
	rootObject = C7401D8D17846A8A006074B3 /* Project object */;
}
