// !$*UTF8*$!
{
	archiveVersion = 1;
	classes = {
	};
	objectVersion = 46;
	objects = {

/* Begin PBXBuildFile section */
		C71D64D21789A3E300C6B26B /* TECenterViewController.m in Sources */ = {isa = PBXBuildFile; fileRef = C71D64D01789A3E200C6B26B /* TECenterViewController.m */; };
		C71D64D31789A3E300C6B26B /* TECenterViewController.xib in Resources */ = {isa = PBXBuildFile; fileRef = C71D64D11789A3E200C6B26B /* TECenterViewController.xib */; };
		C71D64DA1789CB1500C6B26B /* TEDisclosureViewController.m in Sources */ = {isa = PBXBuildFile; fileRef = C71D64D81789CB1500C6B26B /* TEDisclosureViewController.m */; };
		C71D64DB1789CB1500C6B26B /* TEDisclosureViewController.xib in Resources */ = {isa = PBXBuildFile; fileRef = C71D64D91789CB1500C6B26B /* TEDisclosureViewController.xib */; };
		C71D64DF1789D1AB00C6B26B /* TECheckListViewController.m in Sources */ = {isa = PBXBuildFile; fileRef = C71D64DD1789D1AA00C6B26B /* TECheckListViewController.m */; };
		C71D64E01789D1AB00C6B26B /* TECheckListViewController.xib in Resources */ = {isa = PBXBuildFile; fileRef = C71D64DE1789D1AA00C6B26B /* TECheckListViewController.xib */; };
		C71D64E41789D51B00C6B26B /* TEPrensentViewController.m in Sources */ = {isa = PBXBuildFile; fileRef = C71D64E21789D51A00C6B26B /* TEPrensentViewController.m */; };
		C71D64E51789D51B00C6B26B /* TEPrensentViewController.xib in Resources */ = {isa = PBXBuildFile; fileRef = C71D64E31789D51A00C6B26B /* TEPrensentViewController.xib */; };
		C7C36DA01783E1E600E31FE7 /* UIKit.framework in Frameworks */ = {isa = PBXBuildFile; fileRef = C7C36D9F1783E1E600E31FE7 /* UIKit.framework */; };
		C7C36DA21783E1E600E31FE7 /* Foundation.framework in Frameworks */ = {isa = PBXBuildFile; fileRef = C7C36DA11783E1E600E31FE7 /* Foundation.framework */; };
		C7C36DA41783E1E600E31FE7 /* CoreGraphics.framework in Frameworks */ = {isa = PBXBuildFile; fileRef = C7C36DA31783E1E600E31FE7 /* CoreGraphics.framework */; };
		C7C36DAA1783E1E600E31FE7 /* InfoPlist.strings in Resources */ = {isa = PBXBuildFile; fileRef = C7C36DA81783E1E600E31FE7 /* InfoPlist.strings */; };
		C7C36DAC1783E1E600E31FE7 /* main.m in Sources */ = {isa = PBXBuildFile; fileRef = C7C36DAB1783E1E600E31FE7 /* main.m */; };
		C7C36DB01783E1E600E31FE7 /* TEAppDelegate.m in Sources */ = {isa = PBXBuildFile; fileRef = C7C36DAF1783E1E600E31FE7 /* TEAppDelegate.m */; };
		C7C36DB21783E1E600E31FE7 /* Default.png in Resources */ = {isa = PBXBuildFile; fileRef = C7C36DB11783E1E600E31FE7 /* Default.png */; };
		C7C36DB41783E1E600E31FE7 /* Default@2x.png in Resources */ = {isa = PBXBuildFile; fileRef = C7C36DB31783E1E600E31FE7 /* Default@2x.png */; };
		C7C36DB61783E1E600E31FE7 /* Default-568h@2x.png in Resources */ = {isa = PBXBuildFile; fileRef = C7C36DB51783E1E600E31FE7 /* Default-568h@2x.png */; };
		C7C36DC61783E51100E31FE7 /* IISideController.m in Sources */ = {isa = PBXBuildFile; fileRef = C7C36DC11783E51100E31FE7 /* IISideController.m */; };
		C7C36DC71783E51100E31FE7 /* IIViewDeckController.m in Sources */ = {isa = PBXBuildFile; fileRef = C7C36DC31783E51100E31FE7 /* IIViewDeckController.m */; };
		C7C36DC81783E51100E31FE7 /* IIWrapController.m in Sources */ = {isa = PBXBuildFile; fileRef = C7C36DC51783E51100E31FE7 /* IIWrapController.m */; };
		C7C36DD31783F74900E31FE7 /* QuartzCore.framework in Frameworks */ = {isa = PBXBuildFile; fileRef = C7C36DD21783F74900E31FE7 /* QuartzCore.framework */; };
		C7C36DEF1784011A00E31FE7 /* TERootViewController.m in Sources */ = {isa = PBXBuildFile; fileRef = C7C36DED1784011A00E31FE7 /* TERootViewController.m */; };
		C7C36DF9178401A800E31FE7 /* TERightViewController.m in Sources */ = {isa = PBXBuildFile; fileRef = C7C36DF7178401A800E31FE7 /* TERightViewController.m */; };
		C7C36DFA178401A800E31FE7 /* TERightViewController.xib in Resources */ = {isa = PBXBuildFile; fileRef = C7C36DF8178401A800E31FE7 /* TERightViewController.xib */; };
		C7D13D9317851F1300589B7A /* five.png in Resources */ = {isa = PBXBuildFile; fileRef = C7D13D8E17851F1300589B7A /* five.png */; };
		C7D13D9417851F1300589B7A /* four.png in Resources */ = {isa = PBXBuildFile; fileRef = C7D13D8F17851F1300589B7A /* four.png */; };
		C7D13D9517851F1300589B7A /* one.png in Resources */ = {isa = PBXBuildFile; fileRef = C7D13D9017851F1300589B7A /* one.png */; };
		C7D13D9617851F1300589B7A /* three.png in Resources */ = {isa = PBXBuildFile; fileRef = C7D13D9117851F1300589B7A /* three.png */; };
		C7D13D9717851F1300589B7A /* two.png in Resources */ = {isa = PBXBuildFile; fileRef = C7D13D9217851F1300589B7A /* two.png */; };
		C7E14F121785275F009263CD /* TELeftViewController.m in Sources */ = {isa = PBXBuildFile; fileRef = C7E14F101785275F009263CD /* TELeftViewController.m */; };
		C7E14F131785275F009263CD /* TELeftViewController.xib in Resources */ = {isa = PBXBuildFile; fileRef = C7E14F111785275F009263CD /* TELeftViewController.xib */; };
/* End PBXBuildFile section */

/* Begin PBXFileReference section */
		C71D64CF1789A3E200C6B26B /* TECenterViewController.h */ = {isa = PBXFileReference; fileEncoding = 4; lastKnownFileType = sourcecode.c.h; path = TECenterViewController.h; sourceTree = "<group>"; };
		C71D64D01789A3E200C6B26B /* TECenterViewController.m */ = {isa = PBXFileReference; fileEncoding = 4; lastKnownFileType = sourcecode.c.objc; path = TECenterViewController.m; sourceTree = "<group>"; };
		C71D64D11789A3E200C6B26B /* TECenterViewController.xib */ = {isa = PBXFileReference; fileEncoding = 4; lastKnownFileType = file.xib; path = TECenterViewController.xib; sourceTree = "<group>"; };
		C71D64D71789CB1500C6B26B /* TEDisclosureViewController.h */ = {isa = PBXFileReference; fileEncoding = 4; lastKnownFileType = sourcecode.c.h; path = TEDisclosureViewController.h; sourceTree = "<group>"; };
		C71D64D81789CB1500C6B26B /* TEDisclosureViewController.m */ = {isa = PBXFileReference; fileEncoding = 4; lastKnownFileType = sourcecode.c.objc; path = TEDisclosureViewController.m; sourceTree = "<group>"; };
		C71D64D91789CB1500C6B26B /* TEDisclosureViewController.xib */ = {isa = PBXFileReference; fileEncoding = 4; lastKnownFileType = file.xib; path = TEDisclosureViewController.xib; sourceTree = "<group>"; };
		C71D64DC1789D1AA00C6B26B /* TECheckListViewController.h */ = {isa = PBXFileReference; fileEncoding = 4; lastKnownFileType = sourcecode.c.h; path = TECheckListViewController.h; sourceTree = "<group>"; };
		C71D64DD1789D1AA00C6B26B /* TECheckListViewController.m */ = {isa = PBXFileReference; fileEncoding = 4; lastKnownFileType = sourcecode.c.objc; path = TECheckListViewController.m; sourceTree = "<group>"; };
		C71D64DE1789D1AA00C6B26B /* TECheckListViewController.xib */ = {isa = PBXFileReference; fileEncoding = 4; lastKnownFileType = file.xib; path = TECheckListViewController.xib; sourceTree = "<group>"; };
		C71D64E11789D51900C6B26B /* TEPrensentViewController.h */ = {isa = PBXFileReference; fileEncoding = 4; lastKnownFileType = sourcecode.c.h; path = TEPrensentViewController.h; sourceTree = "<group>"; };
		C71D64E21789D51A00C6B26B /* TEPrensentViewController.m */ = {isa = PBXFileReference; fileEncoding = 4; lastKnownFileType = sourcecode.c.objc; path = TEPrensentViewController.m; sourceTree = "<group>"; };
		C71D64E31789D51A00C6B26B /* TEPrensentViewController.xib */ = {isa = PBXFileReference; fileEncoding = 4; lastKnownFileType = file.xib; path = TEPrensentViewController.xib; sourceTree = "<group>"; };
		C7C36D9C1783E1E600E31FE7 /* DemoViewDeck.app */ = {isa = PBXFileReference; explicitFileType = wrapper.application; includeInIndex = 0; path = DemoViewDeck.app; sourceTree = BUILT_PRODUCTS_DIR; };
		C7C36D9F1783E1E600E31FE7 /* UIKit.framework */ = {isa = PBXFileReference; lastKnownFileType = wrapper.framework; name = UIKit.framework; path = System/Library/Frameworks/UIKit.framework; sourceTree = SDKROOT; };
		C7C36DA11783E1E600E31FE7 /* Foundation.framework */ = {isa = PBXFileReference; lastKnownFileType = wrapper.framework; name = Foundation.framework; path = System/Library/Frameworks/Foundation.framework; sourceTree = SDKROOT; };
		C7C36DA31783E1E600E31FE7 /* CoreGraphics.framework */ = {isa = PBXFileReference; lastKnownFileType = wrapper.framework; name = CoreGraphics.framework; path = System/Library/Frameworks/CoreGraphics.framework; sourceTree = SDKROOT; };
		C7C36DA71783E1E600E31FE7 /* DemoViewDeck-Info.plist */ = {isa = PBXFileReference; lastKnownFileType = text.plist.xml; path = "DemoViewDeck-Info.plist"; sourceTree = "<group>"; };
		C7C36DA91783E1E600E31FE7 /* en */ = {isa = PBXFileReference; lastKnownFileType = text.plist.strings; name = en; path = en.lproj/InfoPlist.strings; sourceTree = "<group>"; };
		C7C36DAB1783E1E600E31FE7 /* main.m */ = {isa = PBXFileReference; lastKnownFileType = sourcecode.c.objc; path = main.m; sourceTree = "<group>"; };
		C7C36DAD1783E1E600E31FE7 /* DemoViewDeck-Prefix.pch */ = {isa = PBXFileReference; lastKnownFileType = sourcecode.c.h; path = "DemoViewDeck-Prefix.pch"; sourceTree = "<group>"; };
		C7C36DAE1783E1E600E31FE7 /* TEAppDelegate.h */ = {isa = PBXFileReference; lastKnownFileType = sourcecode.c.h; path = TEAppDelegate.h; sourceTree = "<group>"; };
		C7C36DAF1783E1E600E31FE7 /* TEAppDelegate.m */ = {isa = PBXFileReference; lastKnownFileType = sourcecode.c.objc; path = TEAppDelegate.m; sourceTree = "<group>"; };
		C7C36DB11783E1E600E31FE7 /* Default.png */ = {isa = PBXFileReference; lastKnownFileType = image.png; path = Default.png; sourceTree = "<group>"; };
		C7C36DB31783E1E600E31FE7 /* Default@2x.png */ = {isa = PBXFileReference; lastKnownFileType = image.png; path = "Default@2x.png"; sourceTree = "<group>"; };
		C7C36DB51783E1E600E31FE7 /* Default-568h@2x.png */ = {isa = PBXFileReference; lastKnownFileType = image.png; path = "Default-568h@2x.png"; sourceTree = "<group>"; };
		C7C36DC01783E51100E31FE7 /* IISideController.h */ = {isa = PBXFileReference; fileEncoding = 4; lastKnownFileType = sourcecode.c.h; path = IISideController.h; sourceTree = "<group>"; };
		C7C36DC11783E51100E31FE7 /* IISideController.m */ = {isa = PBXFileReference; fileEncoding = 4; lastKnownFileType = sourcecode.c.objc; path = IISideController.m; sourceTree = "<group>"; };
		C7C36DC21783E51100E31FE7 /* IIViewDeckController.h */ = {isa = PBXFileReference; fileEncoding = 4; lastKnownFileType = sourcecode.c.h; path = IIViewDeckController.h; sourceTree = "<group>"; };
		C7C36DC31783E51100E31FE7 /* IIViewDeckController.m */ = {isa = PBXFileReference; fileEncoding = 4; lastKnownFileType = sourcecode.c.objc; path = IIViewDeckController.m; sourceTree = "<group>"; };
		C7C36DC41783E51100E31FE7 /* IIWrapController.h */ = {isa = PBXFileReference; fileEncoding = 4; lastKnownFileType = sourcecode.c.h; path = IIWrapController.h; sourceTree = "<group>"; };
		C7C36DC51783E51100E31FE7 /* IIWrapController.m */ = {isa = PBXFileReference; fileEncoding = 4; lastKnownFileType = sourcecode.c.objc; path = IIWrapController.m; sourceTree = "<group>"; };
		C7C36DD21783F74900E31FE7 /* QuartzCore.framework */ = {isa = PBXFileReference; lastKnownFileType = wrapper.framework; name = QuartzCore.framework; path = System/Library/Frameworks/QuartzCore.framework; sourceTree = SDKROOT; };
		C7C36DEC1784011A00E31FE7 /* TERootViewController.h */ = {isa = PBXFileReference; fileEncoding = 4; lastKnownFileType = sourcecode.c.h; path = TERootViewController.h; sourceTree = "<group>"; };
		C7C36DED1784011A00E31FE7 /* TERootViewController.m */ = {isa = PBXFileReference; fileEncoding = 4; lastKnownFileType = sourcecode.c.objc; path = TERootViewController.m; sourceTree = "<group>"; };
		C7C36DF6178401A800E31FE7 /* TERightViewController.h */ = {isa = PBXFileReference; fileEncoding = 4; lastKnownFileType = sourcecode.c.h; path = TERightViewController.h; sourceTree = "<group>"; };
		C7C36DF7178401A800E31FE7 /* TERightViewController.m */ = {isa = PBXFileReference; fileEncoding = 4; lastKnownFileType = sourcecode.c.objc; path = TERightViewController.m; sourceTree = "<group>"; };
		C7C36DF8178401A800E31FE7 /* TERightViewController.xib */ = {isa = PBXFileReference; fileEncoding = 4; lastKnownFileType = file.xib; path = TERightViewController.xib; sourceTree = "<group>"; };
		C7D13D8E17851F1300589B7A /* five.png */ = {isa = PBXFileReference; lastKnownFileType = image.png; path = five.png; sourceTree = "<group>"; };
		C7D13D8F17851F1300589B7A /* four.png */ = {isa = PBXFileReference; lastKnownFileType = image.png; path = four.png; sourceTree = "<group>"; };
		C7D13D9017851F1300589B7A /* one.png */ = {isa = PBXFileReference; lastKnownFileType = image.png; path = one.png; sourceTree = "<group>"; };
		C7D13D9117851F1300589B7A /* three.png */ = {isa = PBXFileReference; lastKnownFileType = image.png; path = three.png; sourceTree = "<group>"; };
		C7D13D9217851F1300589B7A /* two.png */ = {isa = PBXFileReference; lastKnownFileType = image.png; path = two.png; sourceTree = "<group>"; };
		C7E14F0F1785275F009263CD /* TELeftViewController.h */ = {isa = PBXFileReference; fileEncoding = 4; lastKnownFileType = sourcecode.c.h; path = TELeftViewController.h; sourceTree = "<group>"; };
		C7E14F101785275F009263CD /* TELeftViewController.m */ = {isa = PBXFileReference; fileEncoding = 4; lastKnownFileType = sourcecode.c.objc; path = TELeftViewController.m; sourceTree = "<group>"; };
		C7E14F111785275F009263CD /* TELeftViewController.xib */ = {isa = PBXFileReference; fileEncoding = 4; lastKnownFileType = file.xib; path = TELeftViewController.xib; sourceTree = "<group>"; };
/* End PBXFileReference section */

/* Begin PBXFrameworksBuildPhase section */
		C7C36D991783E1E600E31FE7 /* Frameworks */ = {
			isa = PBXFrameworksBuildPhase;
			buildActionMask = 2147483647;
			files = (
				C7C36DD31783F74900E31FE7 /* QuartzCore.framework in Frameworks */,
				C7C36DA01783E1E600E31FE7 /* UIKit.framework in Frameworks */,
				C7C36DA21783E1E600E31FE7 /* Foundation.framework in Frameworks */,
				C7C36DA41783E1E600E31FE7 /* CoreGraphics.framework in Frameworks */,
			);
			runOnlyForDeploymentPostprocessing = 0;
		};
/* End PBXFrameworksBuildPhase section */

/* Begin PBXGroup section */
		C7C36D931783E1E500E31FE7 = {
			isa = PBXGroup;
			children = (
				C7C36DA51783E1E600E31FE7 /* DemoViewDeck */,
				C7C36D9E1783E1E600E31FE7 /* Frameworks */,
				C7C36D9D1783E1E600E31FE7 /* Products */,
			);
			sourceTree = "<group>";
		};
		C7C36D9D1783E1E600E31FE7 /* Products */ = {
			isa = PBXGroup;
			children = (
				C7C36D9C1783E1E600E31FE7 /* DemoViewDeck.app */,
			);
			name = Products;
			sourceTree = "<group>";
		};
		C7C36D9E1783E1E600E31FE7 /* Frameworks */ = {
			isa = PBXGroup;
			children = (
				C7C36DD21783F74900E31FE7 /* QuartzCore.framework */,
				C7C36D9F1783E1E600E31FE7 /* UIKit.framework */,
				C7C36DA11783E1E600E31FE7 /* Foundation.framework */,
				C7C36DA31783E1E600E31FE7 /* CoreGraphics.framework */,
			);
			name = Frameworks;
			sourceTree = "<group>";
		};
		C7C36DA51783E1E600E31FE7 /* DemoViewDeck */ = {
			isa = PBXGroup;
			children = (
				C7C36DBF1783E51100E31FE7 /* ViewDeck */,
				C7C36DAE1783E1E600E31FE7 /* TEAppDelegate.h */,
				C7C36DAF1783E1E600E31FE7 /* TEAppDelegate.m */,
				C7C36DA61783E1E600E31FE7 /* Supporting Files */,
				C7C36DEC1784011A00E31FE7 /* TERootViewController.h */,
				C7C36DED1784011A00E31FE7 /* TERootViewController.m */,
				C7E14F0F1785275F009263CD /* TELeftViewController.h */,
				C7E14F101785275F009263CD /* TELeftViewController.m */,
				C7E14F111785275F009263CD /* TELeftViewController.xib */,
				C7C36DF6178401A800E31FE7 /* TERightViewController.h */,
				C7C36DF7178401A800E31FE7 /* TERightViewController.m */,
				C7C36DF8178401A800E31FE7 /* TERightViewController.xib */,
				C71D64CF1789A3E200C6B26B /* TECenterViewController.h */,
				C71D64D01789A3E200C6B26B /* TECenterViewController.m */,
				C71D64D11789A3E200C6B26B /* TECenterViewController.xib */,
				C71D64D71789CB1500C6B26B /* TEDisclosureViewController.h */,
				C71D64D81789CB1500C6B26B /* TEDisclosureViewController.m */,
				C71D64D91789CB1500C6B26B /* TEDisclosureViewController.xib */,
				C71D64DC1789D1AA00C6B26B /* TECheckListViewController.h */,
				C71D64DD1789D1AA00C6B26B /* TECheckListViewController.m */,
				C71D64DE1789D1AA00C6B26B /* TECheckListViewController.xib */,
				C71D64E11789D51900C6B26B /* TEPrensentViewController.h */,
				C71D64E21789D51A00C6B26B /* TEPrensentViewController.m */,
				C71D64E31789D51A00C6B26B /* TEPrensentViewController.xib */,
			);
			path = DemoViewDeck;
			sourceTree = "<group>";
		};
		C7C36DA61783E1E600E31FE7 /* Supporting Files */ = {
			isa = PBXGroup;
			children = (
				C7D13D8E17851F1300589B7A /* five.png */,
				C7D13D8F17851F1300589B7A /* four.png */,
				C7D13D9017851F1300589B7A /* one.png */,
				C7D13D9117851F1300589B7A /* three.png */,
				C7D13D9217851F1300589B7A /* two.png */,
				C7C36DA71783E1E600E31FE7 /* DemoViewDeck-Info.plist */,
				C7C36DA81783E1E600E31FE7 /* InfoPlist.strings */,
				C7C36DAB1783E1E600E31FE7 /* main.m */,
				C7C36DAD1783E1E600E31FE7 /* DemoViewDeck-Prefix.pch */,
				C7C36DB11783E1E600E31FE7 /* Default.png */,
				C7C36DB31783E1E600E31FE7 /* Default@2x.png */,
				C7C36DB51783E1E600E31FE7 /* Default-568h@2x.png */,
			);
			name = "Supporting Files";
			sourceTree = "<group>";
		};
		C7C36DBF1783E51100E31FE7 /* ViewDeck */ = {
			isa = PBXGroup;
			children = (
				C7C36DC01783E51100E31FE7 /* IISideController.h */,
				C7C36DC11783E51100E31FE7 /* IISideController.m */,
				C7C36DC21783E51100E31FE7 /* IIViewDeckController.h */,
				C7C36DC31783E51100E31FE7 /* IIViewDeckController.m */,
				C7C36DC41783E51100E31FE7 /* IIWrapController.h */,
				C7C36DC51783E51100E31FE7 /* IIWrapController.m */,
			);
			path = ViewDeck;
			sourceTree = "<group>";
		};
/* End PBXGroup section */

/* Begin PBXNativeTarget section */
		C7C36D9B1783E1E600E31FE7 /* DemoViewDeck */ = {
			isa = PBXNativeTarget;
			buildConfigurationList = C7C36DB91783E1E600E31FE7 /* Build configuration list for PBXNativeTarget "DemoViewDeck" */;
			buildPhases = (
				C7C36D981783E1E600E31FE7 /* Sources */,
				C7C36D991783E1E600E31FE7 /* Frameworks */,
				C7C36D9A1783E1E600E31FE7 /* Resources */,
			);
			buildRules = (
			);
			dependencies = (
			);
			name = DemoViewDeck;
			productName = DemoViewDeck;
			productReference = C7C36D9C1783E1E600E31FE7 /* DemoViewDeck.app */;
			productType = "com.apple.product-type.application";
		};
/* End PBXNativeTarget section */

/* Begin PBXProject section */
		C7C36D941783E1E500E31FE7 /* Project object */ = {
			isa = PBXProject;
			attributes = {
				CLASSPREFIX = TE;
				LastUpgradeCheck = 0460;
				ORGANIZATIONNAME = "Tuấn Nguyễn Anh";
			};
			buildConfigurationList = C7C36D971783E1E500E31FE7 /* Build configuration list for PBXProject "DemoViewDeck" */;
			compatibilityVersion = "Xcode 3.2";
			developmentRegion = English;
			hasScannedForEncodings = 0;
			knownRegions = (
				en,
			);
			mainGroup = C7C36D931783E1E500E31FE7;
			productRefGroup = C7C36D9D1783E1E600E31FE7 /* Products */;
			projectDirPath = "";
			projectRoot = "";
			targets = (
				C7C36D9B1783E1E600E31FE7 /* DemoViewDeck */,
			);
		};
/* End PBXProject section */

/* Begin PBXResourcesBuildPhase section */
		C7C36D9A1783E1E600E31FE7 /* Resources */ = {
			isa = PBXResourcesBuildPhase;
			buildActionMask = 2147483647;
			files = (
				C7C36DAA1783E1E600E31FE7 /* InfoPlist.strings in Resources */,
				C7C36DB21783E1E600E31FE7 /* Default.png in Resources */,
				C7C36DB41783E1E600E31FE7 /* Default@2x.png in Resources */,
				C7C36DB61783E1E600E31FE7 /* Default-568h@2x.png in Resources */,
				C7C36DFA178401A800E31FE7 /* TERightViewController.xib in Resources */,
				C7D13D9317851F1300589B7A /* five.png in Resources */,
				C7D13D9417851F1300589B7A /* four.png in Resources */,
				C7D13D9517851F1300589B7A /* one.png in Resources */,
				C7D13D9617851F1300589B7A /* three.png in Resources */,
				C7D13D9717851F1300589B7A /* two.png in Resources */,
				C7E14F131785275F009263CD /* TELeftViewController.xib in Resources */,
				C71D64D31789A3E300C6B26B /* TECenterViewController.xib in Resources */,
				C71D64DB1789CB1500C6B26B /* TEDisclosureViewController.xib in Resources */,
				C71D64E01789D1AB00C6B26B /* TECheckListViewController.xib in Resources */,
				C71D64E51789D51B00C6B26B /* TEPrensentViewController.xib in Resources */,
			);
			runOnlyForDeploymentPostprocessing = 0;
		};
/* End PBXResourcesBuildPhase section */

/* Begin PBXSourcesBuildPhase section */
		C7C36D981783E1E600E31FE7 /* Sources */ = {
			isa = PBXSourcesBuildPhase;
			buildActionMask = 2147483647;
			files = (
				C7C36DAC1783E1E600E31FE7 /* main.m in Sources */,
				C7C36DB01783E1E600E31FE7 /* TEAppDelegate.m in Sources */,
				C7C36DC61783E51100E31FE7 /* IISideController.m in Sources */,
				C7C36DC71783E51100E31FE7 /* IIViewDeckController.m in Sources */,
				C7C36DC81783E51100E31FE7 /* IIWrapController.m in Sources */,
				C7C36DEF1784011A00E31FE7 /* TERootViewController.m in Sources */,
				C7C36DF9178401A800E31FE7 /* TERightViewController.m in Sources */,
				C7E14F121785275F009263CD /* TELeftViewController.m in Sources */,
				C71D64D21789A3E300C6B26B /* TECenterViewController.m in Sources */,
				C71D64DA1789CB1500C6B26B /* TEDisclosureViewController.m in Sources */,
				C71D64DF1789D1AB00C6B26B /* TECheckListViewController.m in Sources */,
				C71D64E41789D51B00C6B26B /* TEPrensentViewController.m in Sources */,
			);
			runOnlyForDeploymentPostprocessing = 0;
		};
/* End PBXSourcesBuildPhase section */

/* Begin PBXVariantGroup section */
		C7C36DA81783E1E600E31FE7 /* InfoPlist.strings */ = {
			isa = PBXVariantGroup;
			children = (
				C7C36DA91783E1E600E31FE7 /* en */,
			);
			name = InfoPlist.strings;
			sourceTree = "<group>";
		};
/* End PBXVariantGroup section */

/* Begin XCBuildConfiguration section */
		C7C36DB71783E1E600E31FE7 /* Debug */ = {
			isa = XCBuildConfiguration;
			buildSettings = {
				ALWAYS_SEARCH_USER_PATHS = NO;
				CLANG_CXX_LANGUAGE_STANDARD = "gnu++0x";
				CLANG_CXX_LIBRARY = "libc++";
				CLANG_ENABLE_OBJC_ARC = YES;
				CLANG_WARN_CONSTANT_CONVERSION = YES;
				CLANG_WARN_EMPTY_BODY = YES;
				CLANG_WARN_ENUM_CONVERSION = YES;
				CLANG_WARN_INT_CONVERSION = YES;
				CLANG_WARN__DUPLICATE_METHOD_MATCH = YES;
				"CODE_SIGN_IDENTITY[sdk=iphoneos*]" = "iPhone Developer";
				COPY_PHASE_STRIP = NO;
				GCC_C_LANGUAGE_STANDARD = gnu99;
				GCC_DYNAMIC_NO_PIC = NO;
				GCC_OPTIMIZATION_LEVEL = 0;
				GCC_PREPROCESSOR_DEFINITIONS = (
					"DEBUG=1",
					"$(inherited)",
				);
				GCC_SYMBOLS_PRIVATE_EXTERN = NO;
				GCC_WARN_ABOUT_RETURN_TYPE = YES;
				GCC_WARN_UNINITIALIZED_AUTOS = YES;
				GCC_WARN_UNUSED_VARIABLE = YES;
				IPHONEOS_DEPLOYMENT_TARGET = 6.1;
				ONLY_ACTIVE_ARCH = YES;
				SDKROOT = iphoneos;
				TARGETED_DEVICE_FAMILY = 2;
			};
			name = Debug;
		};
		C7C36DB81783E1E600E31FE7 /* Release */ = {
			isa = XCBuildConfiguration;
			buildSettings = {
				ALWAYS_SEARCH_USER_PATHS = NO;
				CLANG_CXX_LANGUAGE_STANDARD = "gnu++0x";
				CLANG_CXX_LIBRARY = "libc++";
				CLANG_ENABLE_OBJC_ARC = YES;
				CLANG_WARN_CONSTANT_CONVERSION = YES;
				CLANG_WARN_EMPTY_BODY = YES;
				CLANG_WARN_ENUM_CONVERSION = YES;
				CLANG_WARN_INT_CONVERSION = YES;
				CLANG_WARN__DUPLICATE_METHOD_MATCH = YES;
				"CODE_SIGN_IDENTITY[sdk=iphoneos*]" = "iPhone Developer";
				COPY_PHASE_STRIP = YES;
				GCC_C_LANGUAGE_STANDARD = gnu99;
				GCC_WARN_ABOUT_RETURN_TYPE = YES;
				GCC_WARN_UNINITIALIZED_AUTOS = YES;
				GCC_WARN_UNUSED_VARIABLE = YES;
				IPHONEOS_DEPLOYMENT_TARGET = 6.1;
				OTHER_CFLAGS = "-DNS_BLOCK_ASSERTIONS=1";
				SDKROOT = iphoneos;
				TARGETED_DEVICE_FAMILY = 2;
				VALIDATE_PRODUCT = YES;
			};
			name = Release;
		};
		C7C36DBA1783E1E600E31FE7 /* Debug */ = {
			isa = XCBuildConfiguration;
			buildSettings = {
				GCC_PRECOMPILE_PREFIX_HEADER = YES;
				GCC_PREFIX_HEADER = "DemoViewDeck/DemoViewDeck-Prefix.pch";
				INFOPLIST_FILE = "DemoViewDeck/DemoViewDeck-Info.plist";
				IPHONEOS_DEPLOYMENT_TARGET = 5.1;
				PRODUCT_NAME = "$(TARGET_NAME)";
				WRAPPER_EXTENSION = app;
			};
			name = Debug;
		};
		C7C36DBB1783E1E600E31FE7 /* Release */ = {
			isa = XCBuildConfiguration;
			buildSettings = {
				GCC_PRECOMPILE_PREFIX_HEADER = YES;
				GCC_PREFIX_HEADER = "DemoViewDeck/DemoViewDeck-Prefix.pch";
				INFOPLIST_FILE = "DemoViewDeck/DemoViewDeck-Info.plist";
				IPHONEOS_DEPLOYMENT_TARGET = 5.1;
				PRODUCT_NAME = "$(TARGET_NAME)";
				WRAPPER_EXTENSION = app;
			};
			name = Release;
		};
/* End XCBuildConfiguration section */

/* Begin XCConfigurationList section */
		C7C36D971783E1E500E31FE7 /* Build configuration list for PBXProject "DemoViewDeck" */ = {
			isa = XCConfigurationList;
			buildConfigurations = (
				C7C36DB71783E1E600E31FE7 /* Debug */,
				C7C36DB81783E1E600E31FE7 /* Release */,
			);
			defaultConfigurationIsVisible = 0;
			defaultConfigurationName = Release;
		};
		C7C36DB91783E1E600E31FE7 /* Build configuration list for PBXNativeTarget "DemoViewDeck" */ = {
			isa = XCConfigurationList;
			buildConfigurations = (
				C7C36DBA1783E1E600E31FE7 /* Debug */,
				C7C36DBB1783E1E600E31FE7 /* Release */,
			);
			defaultConfigurationIsVisible = 0;
			defaultConfigurationName = Release;
		};
/* End XCConfigurationList section */
	};
	rootObject = C7C36D941783E1E500E31FE7 /* Project object */;
}
