// !$*UTF8*$!
{
	archiveVersion = 1;
	classes = {
	};
	objectVersion = 46;
	objects = {

/* Begin PBXBuildFile section */
		C712F1E5174235C700BD7D15 /* icon_notification_alert@2x.png in Resources */ = {isa = PBXBuildFile; fileRef = C712F1E1174235C700BD7D15 /* icon_notification_alert@2x.png */; };
		C712F1E6174235C700BD7D15 /* icon_notification_large.png in Resources */ = {isa = PBXBuildFile; fileRef = C712F1E2174235C700BD7D15 /* icon_notification_large.png */; };
		C712F1E7174235C700BD7D15 /* icon_notification_large@2x.png in Resources */ = {isa = PBXBuildFile; fileRef = C712F1E3174235C700BD7D15 /* icon_notification_large@2x.png */; };
		C712F1E8174235C700BD7D15 /* icon_notification_normal.png in Resources */ = {isa = PBXBuildFile; fileRef = C712F1E4174235C700BD7D15 /* icon_notification_normal.png */; };
		C7A77D5F17423B67009B2884 /* TECustomView.m in Sources */ = {isa = PBXBuildFile; fileRef = C7A77D5E17423B67009B2884 /* TECustomView.m */; };
		C7D836761742316A0014BA2C /* UIKit.framework in Frameworks */ = {isa = PBXBuildFile; fileRef = C7D836751742316A0014BA2C /* UIKit.framework */; };
		C7D836781742316A0014BA2C /* Foundation.framework in Frameworks */ = {isa = PBXBuildFile; fileRef = C7D836771742316A0014BA2C /* Foundation.framework */; };
		C7D8367A1742316A0014BA2C /* CoreGraphics.framework in Frameworks */ = {isa = PBXBuildFile; fileRef = C7D836791742316A0014BA2C /* CoreGraphics.framework */; };
		C7D836801742316A0014BA2C /* InfoPlist.strings in Resources */ = {isa = PBXBuildFile; fileRef = C7D8367E1742316A0014BA2C /* InfoPlist.strings */; };
		C7D836821742316A0014BA2C /* main.m in Sources */ = {isa = PBXBuildFile; fileRef = C7D836811742316A0014BA2C /* main.m */; };
		C7D836861742316B0014BA2C /* TEAppDelegate.m in Sources */ = {isa = PBXBuildFile; fileRef = C7D836851742316B0014BA2C /* TEAppDelegate.m */; };
		C7D836881742316B0014BA2C /* Default.png in Resources */ = {isa = PBXBuildFile; fileRef = C7D836871742316B0014BA2C /* Default.png */; };
		C7D8368A1742316B0014BA2C /* Default@2x.png in Resources */ = {isa = PBXBuildFile; fileRef = C7D836891742316B0014BA2C /* Default@2x.png */; };
		C7D8368C1742316B0014BA2C /* Default-568h@2x.png in Resources */ = {isa = PBXBuildFile; fileRef = C7D8368B1742316B0014BA2C /* Default-568h@2x.png */; };
		C7D8368F1742316B0014BA2C /* TEViewController.m in Sources */ = {isa = PBXBuildFile; fileRef = C7D8368E1742316B0014BA2C /* TEViewController.m */; };
		C7D836921742316B0014BA2C /* TEViewController.xib in Resources */ = {isa = PBXBuildFile; fileRef = C7D836901742316B0014BA2C /* TEViewController.xib */; };
		C7D836991742317D0014BA2C /* CoreText.framework in Frameworks */ = {isa = PBXBuildFile; fileRef = C7D836981742317D0014BA2C /* CoreText.framework */; };
/* End PBXBuildFile section */

/* Begin PBXFileReference section */
		C712F1E1174235C700BD7D15 /* icon_notification_alert@2x.png */ = {isa = PBXFileReference; lastKnownFileType = image.png; path = "icon_notification_alert@2x.png"; sourceTree = "<group>"; };
		C712F1E2174235C700BD7D15 /* icon_notification_large.png */ = {isa = PBXFileReference; lastKnownFileType = image.png; path = icon_notification_large.png; sourceTree = "<group>"; };
		C712F1E3174235C700BD7D15 /* icon_notification_large@2x.png */ = {isa = PBXFileReference; lastKnownFileType = image.png; path = "icon_notification_large@2x.png"; sourceTree = "<group>"; };
		C712F1E4174235C700BD7D15 /* icon_notification_normal.png */ = {isa = PBXFileReference; lastKnownFileType = image.png; path = icon_notification_normal.png; sourceTree = "<group>"; };
		C7A77D5D17423B67009B2884 /* TECustomView.h */ = {isa = PBXFileReference; fileEncoding = 4; lastKnownFileType = sourcecode.c.h; path = TECustomView.h; sourceTree = "<group>"; };
		C7A77D5E17423B67009B2884 /* TECustomView.m */ = {isa = PBXFileReference; fileEncoding = 4; lastKnownFileType = sourcecode.c.objc; path = TECustomView.m; sourceTree = "<group>"; };
		C7D836721742316A0014BA2C /* Exercise8_2.app */ = {isa = PBXFileReference; explicitFileType = wrapper.application; includeInIndex = 0; path = Exercise8_2.app; sourceTree = BUILT_PRODUCTS_DIR; };
		C7D836751742316A0014BA2C /* UIKit.framework */ = {isa = PBXFileReference; lastKnownFileType = wrapper.framework; name = UIKit.framework; path = System/Library/Frameworks/UIKit.framework; sourceTree = SDKROOT; };
		C7D836771742316A0014BA2C /* Foundation.framework */ = {isa = PBXFileReference; lastKnownFileType = wrapper.framework; name = Foundation.framework; path = System/Library/Frameworks/Foundation.framework; sourceTree = SDKROOT; };
		C7D836791742316A0014BA2C /* CoreGraphics.framework */ = {isa = PBXFileReference; lastKnownFileType = wrapper.framework; name = CoreGraphics.framework; path = System/Library/Frameworks/CoreGraphics.framework; sourceTree = SDKROOT; };
		C7D8367D1742316A0014BA2C /* Exercise8_2-Info.plist */ = {isa = PBXFileReference; lastKnownFileType = text.plist.xml; path = "Exercise8_2-Info.plist"; sourceTree = "<group>"; };
		C7D8367F1742316A0014BA2C /* en */ = {isa = PBXFileReference; lastKnownFileType = text.plist.strings; name = en; path = en.lproj/InfoPlist.strings; sourceTree = "<group>"; };
		C7D836811742316A0014BA2C /* main.m */ = {isa = PBXFileReference; lastKnownFileType = sourcecode.c.objc; path = main.m; sourceTree = "<group>"; };
		C7D836831742316B0014BA2C /* Exercise8_2-Prefix.pch */ = {isa = PBXFileReference; lastKnownFileType = sourcecode.c.h; path = "Exercise8_2-Prefix.pch"; sourceTree = "<group>"; };
		C7D836841742316B0014BA2C /* TEAppDelegate.h */ = {isa = PBXFileReference; lastKnownFileType = sourcecode.c.h; path = TEAppDelegate.h; sourceTree = "<group>"; };
		C7D836851742316B0014BA2C /* TEAppDelegate.m */ = {isa = PBXFileReference; lastKnownFileType = sourcecode.c.objc; path = TEAppDelegate.m; sourceTree = "<group>"; };
		C7D836871742316B0014BA2C /* Default.png */ = {isa = PBXFileReference; lastKnownFileType = image.png; path = Default.png; sourceTree = "<group>"; };
		C7D836891742316B0014BA2C /* Default@2x.png */ = {isa = PBXFileReference; lastKnownFileType = image.png; path = "Default@2x.png"; sourceTree = "<group>"; };
		C7D8368B1742316B0014BA2C /* Default-568h@2x.png */ = {isa = PBXFileReference; lastKnownFileType = image.png; path = "Default-568h@2x.png"; sourceTree = "<group>"; };
		C7D8368D1742316B0014BA2C /* TEViewController.h */ = {isa = PBXFileReference; lastKnownFileType = sourcecode.c.h; path = TEViewController.h; sourceTree = "<group>"; };
		C7D8368E1742316B0014BA2C /* TEViewController.m */ = {isa = PBXFileReference; lastKnownFileType = sourcecode.c.objc; path = TEViewController.m; sourceTree = "<group>"; };
		C7D836911742316B0014BA2C /* en */ = {isa = PBXFileReference; lastKnownFileType = file.xib; name = en; path = en.lproj/TEViewController.xib; sourceTree = "<group>"; };
		C7D836981742317D0014BA2C /* CoreText.framework */ = {isa = PBXFileReference; lastKnownFileType = wrapper.framework; name = CoreText.framework; path = System/Library/Frameworks/CoreText.framework; sourceTree = SDKROOT; };
/* End PBXFileReference section */

/* Begin PBXFrameworksBuildPhase section */
		C7D8366F1742316A0014BA2C /* Frameworks */ = {
			isa = PBXFrameworksBuildPhase;
			buildActionMask = 2147483647;
			files = (
				C7D836991742317D0014BA2C /* CoreText.framework in Frameworks */,
				C7D836761742316A0014BA2C /* UIKit.framework in Frameworks */,
				C7D836781742316A0014BA2C /* Foundation.framework in Frameworks */,
				C7D8367A1742316A0014BA2C /* CoreGraphics.framework in Frameworks */,
			);
			runOnlyForDeploymentPostprocessing = 0;
		};
/* End PBXFrameworksBuildPhase section */

/* Begin PBXGroup section */
		C7D836691742316A0014BA2C = {
			isa = PBXGroup;
			children = (
				C7D8367B1742316A0014BA2C /* Exercise8_2 */,
				C7D836741742316A0014BA2C /* Frameworks */,
				C7D836731742316A0014BA2C /* Products */,
			);
			sourceTree = "<group>";
		};
		C7D836731742316A0014BA2C /* Products */ = {
			isa = PBXGroup;
			children = (
				C7D836721742316A0014BA2C /* Exercise8_2.app */,
			);
			name = Products;
			sourceTree = "<group>";
		};
		C7D836741742316A0014BA2C /* Frameworks */ = {
			isa = PBXGroup;
			children = (
				C7D836981742317D0014BA2C /* CoreText.framework */,
				C7D836751742316A0014BA2C /* UIKit.framework */,
				C7D836771742316A0014BA2C /* Foundation.framework */,
				C7D836791742316A0014BA2C /* CoreGraphics.framework */,
			);
			name = Frameworks;
			sourceTree = "<group>";
		};
		C7D8367B1742316A0014BA2C /* Exercise8_2 */ = {
			isa = PBXGroup;
			children = (
				C7D836841742316B0014BA2C /* TEAppDelegate.h */,
				C7D836851742316B0014BA2C /* TEAppDelegate.m */,
				C7D8368D1742316B0014BA2C /* TEViewController.h */,
				C7D8368E1742316B0014BA2C /* TEViewController.m */,
				C7D836901742316B0014BA2C /* TEViewController.xib */,
				C7D8367C1742316A0014BA2C /* Supporting Files */,
				C7A77D5D17423B67009B2884 /* TECustomView.h */,
				C7A77D5E17423B67009B2884 /* TECustomView.m */,
			);
			path = Exercise8_2;
			sourceTree = "<group>";
		};
		C7D8367C1742316A0014BA2C /* Supporting Files */ = {
			isa = PBXGroup;
			children = (
				C712F1E1174235C700BD7D15 /* icon_notification_alert@2x.png */,
				C712F1E2174235C700BD7D15 /* icon_notification_large.png */,
				C712F1E3174235C700BD7D15 /* icon_notification_large@2x.png */,
				C712F1E4174235C700BD7D15 /* icon_notification_normal.png */,
				C7D8367D1742316A0014BA2C /* Exercise8_2-Info.plist */,
				C7D8367E1742316A0014BA2C /* InfoPlist.strings */,
				C7D836811742316A0014BA2C /* main.m */,
				C7D836831742316B0014BA2C /* Exercise8_2-Prefix.pch */,
				C7D836871742316B0014BA2C /* Default.png */,
				C7D836891742316B0014BA2C /* Default@2x.png */,
				C7D8368B1742316B0014BA2C /* Default-568h@2x.png */,
			);
			name = "Supporting Files";
			sourceTree = "<group>";
		};
/* End PBXGroup section */

/* Begin PBXNativeTarget section */
		C7D836711742316A0014BA2C /* Exercise8_2 */ = {
			isa = PBXNativeTarget;
			buildConfigurationList = C7D836951742316B0014BA2C /* Build configuration list for PBXNativeTarget "Exercise8_2" */;
			buildPhases = (
				C7D8366E1742316A0014BA2C /* Sources */,
				C7D8366F1742316A0014BA2C /* Frameworks */,
				C7D836701742316A0014BA2C /* Resources */,
			);
			buildRules = (
			);
			dependencies = (
			);
			name = Exercise8_2;
			productName = Exercise8_2;
			productReference = C7D836721742316A0014BA2C /* Exercise8_2.app */;
			productType = "com.apple.product-type.application";
		};
/* End PBXNativeTarget section */

/* Begin PBXProject section */
		C7D8366A1742316A0014BA2C /* Project object */ = {
			isa = PBXProject;
			attributes = {
				CLASSPREFIX = TE;
				LastUpgradeCheck = 0460;
				ORGANIZATIONNAME = "Tuấn Nguyễn Anh";
			};
			buildConfigurationList = C7D8366D1742316A0014BA2C /* Build configuration list for PBXProject "Exercise8_2" */;
			compatibilityVersion = "Xcode 3.2";
			developmentRegion = English;
			hasScannedForEncodings = 0;
			knownRegions = (
				en,
			);
			mainGroup = C7D836691742316A0014BA2C;
			productRefGroup = C7D836731742316A0014BA2C /* Products */;
			projectDirPath = "";
			projectRoot = "";
			targets = (
				C7D836711742316A0014BA2C /* Exercise8_2 */,
			);
		};
/* End PBXProject section */

/* Begin PBXResourcesBuildPhase section */
		C7D836701742316A0014BA2C /* Resources */ = {
			isa = PBXResourcesBuildPhase;
			buildActionMask = 2147483647;
			files = (
				C7D836801742316A0014BA2C /* InfoPlist.strings in Resources */,
				C7D836881742316B0014BA2C /* Default.png in Resources */,
				C7D8368A1742316B0014BA2C /* Default@2x.png in Resources */,
				C7D8368C1742316B0014BA2C /* Default-568h@2x.png in Resources */,
				C7D836921742316B0014BA2C /* TEViewController.xib in Resources */,
				C712F1E5174235C700BD7D15 /* icon_notification_alert@2x.png in Resources */,
				C712F1E6174235C700BD7D15 /* icon_notification_large.png in Resources */,
				C712F1E7174235C700BD7D15 /* icon_notification_large@2x.png in Resources */,
				C712F1E8174235C700BD7D15 /* icon_notification_normal.png in Resources */,
			);
			runOnlyForDeploymentPostprocessing = 0;
		};
/* End PBXResourcesBuildPhase section */

/* Begin PBXSourcesBuildPhase section */
		C7D8366E1742316A0014BA2C /* Sources */ = {
			isa = PBXSourcesBuildPhase;
			buildActionMask = 2147483647;
			files = (
				C7D836821742316A0014BA2C /* main.m in Sources */,
				C7D836861742316B0014BA2C /* TEAppDelegate.m in Sources */,
				C7D8368F1742316B0014BA2C /* TEViewController.m in Sources */,
				C7A77D5F17423B67009B2884 /* TECustomView.m in Sources */,
			);
			runOnlyForDeploymentPostprocessing = 0;
		};
/* End PBXSourcesBuildPhase section */

/* Begin PBXVariantGroup section */
		C7D8367E1742316A0014BA2C /* InfoPlist.strings */ = {
			isa = PBXVariantGroup;
			children = (
				C7D8367F1742316A0014BA2C /* en */,
			);
			name = InfoPlist.strings;
			sourceTree = "<group>";
		};
		C7D836901742316B0014BA2C /* TEViewController.xib */ = {
			isa = PBXVariantGroup;
			children = (
				C7D836911742316B0014BA2C /* en */,
			);
			name = TEViewController.xib;
			sourceTree = "<group>";
		};
/* End PBXVariantGroup section */

/* Begin XCBuildConfiguration section */
		C7D836931742316B0014BA2C /* Debug */ = {
			isa = XCBuildConfiguration;
			buildSettings = {
				ALWAYS_SEARCH_USER_PATHS = NO;
				CLANG_CXX_LANGUAGE_STANDARD = "gnu++0x";
				CLANG_CXX_LIBRARY = "libc++";
				CLANG_WARN_CONSTANT_CONVERSION = YES;
				CLANG_WARN_EMPTY_BODY = YES;
				CLANG_WARN_ENUM_CONVERSION = YES;
				CLANG_WARN_INT_CONVERSION = YES;
				CLANG_WARN__DUPLICATE_METHOD_MATCH = YES;
				"CODE_SIGN_IDENTITY[sdk=iphoneos*]" = "iPhone Developer";
				COPY_PHASE_STRIP = NO;
				GCC_C_LANGUAGE_STANDARD = gnu99;
				GCC_DYNAMIC_NO_PIC = NO;
				GCC_OPTIMIZATION_LEVEL = 0;
				GCC_PREPROCESSOR_DEFINITIONS = (
					"DEBUG=1",
					"$(inherited)",
				);
				GCC_SYMBOLS_PRIVATE_EXTERN = NO;
				GCC_WARN_ABOUT_RETURN_TYPE = YES;
				GCC_WARN_UNINITIALIZED_AUTOS = YES;
				GCC_WARN_UNUSED_VARIABLE = YES;
				IPHONEOS_DEPLOYMENT_TARGET = 6.1;
				ONLY_ACTIVE_ARCH = YES;
				SDKROOT = iphoneos;
			};
			name = Debug;
		};
		C7D836941742316B0014BA2C /* Release */ = {
			isa = XCBuildConfiguration;
			buildSettings = {
				ALWAYS_SEARCH_USER_PATHS = NO;
				CLANG_CXX_LANGUAGE_STANDARD = "gnu++0x";
				CLANG_CXX_LIBRARY = "libc++";
				CLANG_WARN_CONSTANT_CONVERSION = YES;
				CLANG_WARN_EMPTY_BODY = YES;
				CLANG_WARN_ENUM_CONVERSION = YES;
				CLANG_WARN_INT_CONVERSION = YES;
				CLANG_WARN__DUPLICATE_METHOD_MATCH = YES;
				"CODE_SIGN_IDENTITY[sdk=iphoneos*]" = "iPhone Developer";
				COPY_PHASE_STRIP = YES;
				GCC_C_LANGUAGE_STANDARD = gnu99;
				GCC_WARN_ABOUT_RETURN_TYPE = YES;
				GCC_WARN_UNINITIALIZED_AUTOS = YES;
				GCC_WARN_UNUSED_VARIABLE = YES;
				IPHONEOS_DEPLOYMENT_TARGET = 6.1;
				OTHER_CFLAGS = "-DNS_BLOCK_ASSERTIONS=1";
				SDKROOT = iphoneos;
				VALIDATE_PRODUCT = YES;
			};
			name = Release;
		};
		C7D836961742316B0014BA2C /* Debug */ = {
			isa = XCBuildConfiguration;
			buildSettings = {
				GCC_PRECOMPILE_PREFIX_HEADER = YES;
				GCC_PREFIX_HEADER = "Exercise8_2/Exercise8_2-Prefix.pch";
				INFOPLIST_FILE = "Exercise8_2/Exercise8_2-Info.plist";
				PRODUCT_NAME = "$(TARGET_NAME)";
				WRAPPER_EXTENSION = app;
			};
			name = Debug;
		};
		C7D836971742316B0014BA2C /* Release */ = {
			isa = XCBuildConfiguration;
			buildSettings = {
				GCC_PRECOMPILE_PREFIX_HEADER = YES;
				GCC_PREFIX_HEADER = "Exercise8_2/Exercise8_2-Prefix.pch";
				INFOPLIST_FILE = "Exercise8_2/Exercise8_2-Info.plist";
				PRODUCT_NAME = "$(TARGET_NAME)";
				WRAPPER_EXTENSION = app;
			};
			name = Release;
		};
/* End XCBuildConfiguration section */

/* Begin XCConfigurationList section */
		C7D8366D1742316A0014BA2C /* Build configuration list for PBXProject "Exercise8_2" */ = {
			isa = XCConfigurationList;
			buildConfigurations = (
				C7D836931742316B0014BA2C /* Debug */,
				C7D836941742316B0014BA2C /* Release */,
			);
			defaultConfigurationIsVisible = 0;
			defaultConfigurationName = Release;
		};
		C7D836951742316B0014BA2C /* Build configuration list for PBXNativeTarget "Exercise8_2" */ = {
			isa = XCConfigurationList;
			buildConfigurations = (
				C7D836961742316B0014BA2C /* Debug */,
				C7D836971742316B0014BA2C /* Release */,
			);
			defaultConfigurationIsVisible = 0;
			defaultConfigurationName = Release;
		};
/* End XCConfigurationList section */
	};
	rootObject = C7D8366A1742316A0014BA2C /* Project object */;
}
