// !$*UTF8*$!
{
	archiveVersion = 1;
	classes = {
	};
	objectVersion = 46;
	objects = {

/* Begin PBXBuildFile section */
		C723559B17433F2F00A382CD /* UIKit.framework in Frameworks */ = {isa = PBXBuildFile; fileRef = C723559A17433F2F00A382CD /* UIKit.framework */; };
		C723559D17433F2F00A382CD /* Foundation.framework in Frameworks */ = {isa = PBXBuildFile; fileRef = C723559C17433F2F00A382CD /* Foundation.framework */; };
		C723559F17433F2F00A382CD /* CoreGraphics.framework in Frameworks */ = {isa = PBXBuildFile; fileRef = C723559E17433F2F00A382CD /* CoreGraphics.framework */; };
		C72355A517433F2F00A382CD /* InfoPlist.strings in Resources */ = {isa = PBXBuildFile; fileRef = C72355A317433F2F00A382CD /* InfoPlist.strings */; };
		C72355A717433F2F00A382CD /* main.m in Sources */ = {isa = PBXBuildFile; fileRef = C72355A617433F2F00A382CD /* main.m */; };
		C72355AB17433F2F00A382CD /* TEAppDelegate.m in Sources */ = {isa = PBXBuildFile; fileRef = C72355AA17433F2F00A382CD /* TEAppDelegate.m */; };
		C72355AD17433F2F00A382CD /* Default.png in Resources */ = {isa = PBXBuildFile; fileRef = C72355AC17433F2F00A382CD /* Default.png */; };
		C72355AF17433F3000A382CD /* Default@2x.png in Resources */ = {isa = PBXBuildFile; fileRef = C72355AE17433F2F00A382CD /* Default@2x.png */; };
		C72355B117433F3000A382CD /* Default-568h@2x.png in Resources */ = {isa = PBXBuildFile; fileRef = C72355B017433F3000A382CD /* Default-568h@2x.png */; };
		C72355B417433F3000A382CD /* TEViewController.m in Sources */ = {isa = PBXBuildFile; fileRef = C72355B317433F3000A382CD /* TEViewController.m */; };
		C72355B717433F3000A382CD /* TEViewController.xib in Resources */ = {isa = PBXBuildFile; fileRef = C72355B517433F3000A382CD /* TEViewController.xib */; };
		C72355BF1743442000A382CD /* TEBasePicker.m in Sources */ = {isa = PBXBuildFile; fileRef = C72355BE1743442000A382CD /* TEBasePicker.m */; };
		C7D8CD4A1747F00900FBB86E /* TECustomPicker.m in Sources */ = {isa = PBXBuildFile; fileRef = C7D8CD491747F00900FBB86E /* TECustomPicker.m */; };
		C7D8CD4D1747FA1800FBB86E /* TEPickerData.m in Sources */ = {isa = PBXBuildFile; fileRef = C7D8CD4C1747FA1800FBB86E /* TEPickerData.m */; };
/* End PBXBuildFile section */

/* Begin PBXFileReference section */
		C723559717433F2F00A382CD /* Exercise5_4.app */ = {isa = PBXFileReference; explicitFileType = wrapper.application; includeInIndex = 0; path = Exercise5_4.app; sourceTree = BUILT_PRODUCTS_DIR; };
		C723559A17433F2F00A382CD /* UIKit.framework */ = {isa = PBXFileReference; lastKnownFileType = wrapper.framework; name = UIKit.framework; path = System/Library/Frameworks/UIKit.framework; sourceTree = SDKROOT; };
		C723559C17433F2F00A382CD /* Foundation.framework */ = {isa = PBXFileReference; lastKnownFileType = wrapper.framework; name = Foundation.framework; path = System/Library/Frameworks/Foundation.framework; sourceTree = SDKROOT; };
		C723559E17433F2F00A382CD /* CoreGraphics.framework */ = {isa = PBXFileReference; lastKnownFileType = wrapper.framework; name = CoreGraphics.framework; path = System/Library/Frameworks/CoreGraphics.framework; sourceTree = SDKROOT; };
		C72355A217433F2F00A382CD /* Exercise5_4-Info.plist */ = {isa = PBXFileReference; lastKnownFileType = text.plist.xml; path = "Exercise5_4-Info.plist"; sourceTree = "<group>"; };
		C72355A417433F2F00A382CD /* en */ = {isa = PBXFileReference; lastKnownFileType = text.plist.strings; name = en; path = en.lproj/InfoPlist.strings; sourceTree = "<group>"; };
		C72355A617433F2F00A382CD /* main.m */ = {isa = PBXFileReference; lastKnownFileType = sourcecode.c.objc; path = main.m; sourceTree = "<group>"; };
		C72355A817433F2F00A382CD /* Exercise5_4-Prefix.pch */ = {isa = PBXFileReference; lastKnownFileType = sourcecode.c.h; path = "Exercise5_4-Prefix.pch"; sourceTree = "<group>"; };
		C72355A917433F2F00A382CD /* TEAppDelegate.h */ = {isa = PBXFileReference; lastKnownFileType = sourcecode.c.h; path = TEAppDelegate.h; sourceTree = "<group>"; };
		C72355AA17433F2F00A382CD /* TEAppDelegate.m */ = {isa = PBXFileReference; lastKnownFileType = sourcecode.c.objc; path = TEAppDelegate.m; sourceTree = "<group>"; };
		C72355AC17433F2F00A382CD /* Default.png */ = {isa = PBXFileReference; lastKnownFileType = image.png; path = Default.png; sourceTree = "<group>"; };
		C72355AE17433F2F00A382CD /* Default@2x.png */ = {isa = PBXFileReference; lastKnownFileType = image.png; path = "Default@2x.png"; sourceTree = "<group>"; };
		C72355B017433F3000A382CD /* Default-568h@2x.png */ = {isa = PBXFileReference; lastKnownFileType = image.png; path = "Default-568h@2x.png"; sourceTree = "<group>"; };
		C72355B217433F3000A382CD /* TEViewController.h */ = {isa = PBXFileReference; lastKnownFileType = sourcecode.c.h; path = TEViewController.h; sourceTree = "<group>"; };
		C72355B317433F3000A382CD /* TEViewController.m */ = {isa = PBXFileReference; lastKnownFileType = sourcecode.c.objc; path = TEViewController.m; sourceTree = "<group>"; };
		C72355B617433F3000A382CD /* en */ = {isa = PBXFileReference; lastKnownFileType = file.xib; name = en; path = en.lproj/TEViewController.xib; sourceTree = "<group>"; };
		C72355BD1743442000A382CD /* TEBasePicker.h */ = {isa = PBXFileReference; fileEncoding = 4; lastKnownFileType = sourcecode.c.h; path = TEBasePicker.h; sourceTree = "<group>"; };
		C72355BE1743442000A382CD /* TEBasePicker.m */ = {isa = PBXFileReference; fileEncoding = 4; lastKnownFileType = sourcecode.c.objc; path = TEBasePicker.m; sourceTree = "<group>"; };
		C7D8CD481747F00900FBB86E /* TECustomPicker.h */ = {isa = PBXFileReference; fileEncoding = 4; lastKnownFileType = sourcecode.c.h; path = TECustomPicker.h; sourceTree = "<group>"; };
		C7D8CD491747F00900FBB86E /* TECustomPicker.m */ = {isa = PBXFileReference; fileEncoding = 4; lastKnownFileType = sourcecode.c.objc; path = TECustomPicker.m; sourceTree = "<group>"; };
		C7D8CD4B1747FA1800FBB86E /* TEPickerData.h */ = {isa = PBXFileReference; fileEncoding = 4; lastKnownFileType = sourcecode.c.h; path = TEPickerData.h; sourceTree = "<group>"; };
		C7D8CD4C1747FA1800FBB86E /* TEPickerData.m */ = {isa = PBXFileReference; fileEncoding = 4; lastKnownFileType = sourcecode.c.objc; path = TEPickerData.m; sourceTree = "<group>"; };
/* End PBXFileReference section */

/* Begin PBXFrameworksBuildPhase section */
		C723559417433F2F00A382CD /* Frameworks */ = {
			isa = PBXFrameworksBuildPhase;
			buildActionMask = 2147483647;
			files = (
				C723559B17433F2F00A382CD /* UIKit.framework in Frameworks */,
				C723559D17433F2F00A382CD /* Foundation.framework in Frameworks */,
				C723559F17433F2F00A382CD /* CoreGraphics.framework in Frameworks */,
			);
			runOnlyForDeploymentPostprocessing = 0;
		};
/* End PBXFrameworksBuildPhase section */

/* Begin PBXGroup section */
		C723558E17433F2F00A382CD = {
			isa = PBXGroup;
			children = (
				C72355A017433F2F00A382CD /* Exercise5_4 */,
				C723559917433F2F00A382CD /* Frameworks */,
				C723559817433F2F00A382CD /* Products */,
			);
			sourceTree = "<group>";
		};
		C723559817433F2F00A382CD /* Products */ = {
			isa = PBXGroup;
			children = (
				C723559717433F2F00A382CD /* Exercise5_4.app */,
			);
			name = Products;
			sourceTree = "<group>";
		};
		C723559917433F2F00A382CD /* Frameworks */ = {
			isa = PBXGroup;
			children = (
				C723559A17433F2F00A382CD /* UIKit.framework */,
				C723559C17433F2F00A382CD /* Foundation.framework */,
				C723559E17433F2F00A382CD /* CoreGraphics.framework */,
			);
			name = Frameworks;
			sourceTree = "<group>";
		};
		C72355A017433F2F00A382CD /* Exercise5_4 */ = {
			isa = PBXGroup;
			children = (
				C72355A917433F2F00A382CD /* TEAppDelegate.h */,
				C72355AA17433F2F00A382CD /* TEAppDelegate.m */,
				C72355B217433F3000A382CD /* TEViewController.h */,
				C72355B317433F3000A382CD /* TEViewController.m */,
				C72355B517433F3000A382CD /* TEViewController.xib */,
				C72355A117433F2F00A382CD /* Supporting Files */,
				C72355BD1743442000A382CD /* TEBasePicker.h */,
				C72355BE1743442000A382CD /* TEBasePicker.m */,
				C7D8CD481747F00900FBB86E /* TECustomPicker.h */,
				C7D8CD491747F00900FBB86E /* TECustomPicker.m */,
				C7D8CD4B1747FA1800FBB86E /* TEPickerData.h */,
				C7D8CD4C1747FA1800FBB86E /* TEPickerData.m */,
			);
			path = Exercise5_4;
			sourceTree = "<group>";
		};
		C72355A117433F2F00A382CD /* Supporting Files */ = {
			isa = PBXGroup;
			children = (
				C72355A217433F2F00A382CD /* Exercise5_4-Info.plist */,
				C72355A317433F2F00A382CD /* InfoPlist.strings */,
				C72355A617433F2F00A382CD /* main.m */,
				C72355A817433F2F00A382CD /* Exercise5_4-Prefix.pch */,
				C72355AC17433F2F00A382CD /* Default.png */,
				C72355AE17433F2F00A382CD /* Default@2x.png */,
				C72355B017433F3000A382CD /* Default-568h@2x.png */,
			);
			name = "Supporting Files";
			sourceTree = "<group>";
		};
/* End PBXGroup section */

/* Begin PBXNativeTarget section */
		C723559617433F2F00A382CD /* Exercise5_4 */ = {
			isa = PBXNativeTarget;
			buildConfigurationList = C72355BA17433F3000A382CD /* Build configuration list for PBXNativeTarget "Exercise5_4" */;
			buildPhases = (
				C723559317433F2F00A382CD /* Sources */,
				C723559417433F2F00A382CD /* Frameworks */,
				C723559517433F2F00A382CD /* Resources */,
			);
			buildRules = (
			);
			dependencies = (
			);
			name = Exercise5_4;
			productName = Exercise5_4;
			productReference = C723559717433F2F00A382CD /* Exercise5_4.app */;
			productType = "com.apple.product-type.application";
		};
/* End PBXNativeTarget section */

/* Begin PBXProject section */
		C723558F17433F2F00A382CD /* Project object */ = {
			isa = PBXProject;
			attributes = {
				CLASSPREFIX = TE;
				LastUpgradeCheck = 0460;
				ORGANIZATIONNAME = "Tuấn Nguyễn Anh";
			};
			buildConfigurationList = C723559217433F2F00A382CD /* Build configuration list for PBXProject "Exercise5_4" */;
			compatibilityVersion = "Xcode 3.2";
			developmentRegion = English;
			hasScannedForEncodings = 0;
			knownRegions = (
				en,
			);
			mainGroup = C723558E17433F2F00A382CD;
			productRefGroup = C723559817433F2F00A382CD /* Products */;
			projectDirPath = "";
			projectRoot = "";
			targets = (
				C723559617433F2F00A382CD /* Exercise5_4 */,
			);
		};
/* End PBXProject section */

/* Begin PBXResourcesBuildPhase section */
		C723559517433F2F00A382CD /* Resources */ = {
			isa = PBXResourcesBuildPhase;
			buildActionMask = 2147483647;
			files = (
				C72355A517433F2F00A382CD /* InfoPlist.strings in Resources */,
				C72355AD17433F2F00A382CD /* Default.png in Resources */,
				C72355AF17433F3000A382CD /* Default@2x.png in Resources */,
				C72355B117433F3000A382CD /* Default-568h@2x.png in Resources */,
				C72355B717433F3000A382CD /* TEViewController.xib in Resources */,
			);
			runOnlyForDeploymentPostprocessing = 0;
		};
/* End PBXResourcesBuildPhase section */

/* Begin PBXSourcesBuildPhase section */
		C723559317433F2F00A382CD /* Sources */ = {
			isa = PBXSourcesBuildPhase;
			buildActionMask = 2147483647;
			files = (
				C72355A717433F2F00A382CD /* main.m in Sources */,
				C72355AB17433F2F00A382CD /* TEAppDelegate.m in Sources */,
				C72355B417433F3000A382CD /* TEViewController.m in Sources */,
				C72355BF1743442000A382CD /* TEBasePicker.m in Sources */,
				C7D8CD4A1747F00900FBB86E /* TECustomPicker.m in Sources */,
				C7D8CD4D1747FA1800FBB86E /* TEPickerData.m in Sources */,
			);
			runOnlyForDeploymentPostprocessing = 0;
		};
/* End PBXSourcesBuildPhase section */

/* Begin PBXVariantGroup section */
		C72355A317433F2F00A382CD /* InfoPlist.strings */ = {
			isa = PBXVariantGroup;
			children = (
				C72355A417433F2F00A382CD /* en */,
			);
			name = InfoPlist.strings;
			sourceTree = "<group>";
		};
		C72355B517433F3000A382CD /* TEViewController.xib */ = {
			isa = PBXVariantGroup;
			children = (
				C72355B617433F3000A382CD /* en */,
			);
			name = TEViewController.xib;
			sourceTree = "<group>";
		};
/* End PBXVariantGroup section */

/* Begin XCBuildConfiguration section */
		C72355B817433F3000A382CD /* Debug */ = {
			isa = XCBuildConfiguration;
			buildSettings = {
				ALWAYS_SEARCH_USER_PATHS = NO;
				CLANG_CXX_LANGUAGE_STANDARD = "gnu++0x";
				CLANG_CXX_LIBRARY = "libc++";
				CLANG_ENABLE_OBJC_ARC = YES;
				CLANG_WARN_CONSTANT_CONVERSION = YES;
				CLANG_WARN_EMPTY_BODY = YES;
				CLANG_WARN_ENUM_CONVERSION = YES;
				CLANG_WARN_INT_CONVERSION = YES;
				CLANG_WARN__DUPLICATE_METHOD_MATCH = YES;
				"CODE_SIGN_IDENTITY[sdk=iphoneos*]" = "iPhone Developer";
				COPY_PHASE_STRIP = NO;
				GCC_C_LANGUAGE_STANDARD = gnu99;
				GCC_DYNAMIC_NO_PIC = NO;
				GCC_OPTIMIZATION_LEVEL = 0;
				GCC_PREPROCESSOR_DEFINITIONS = (
					"DEBUG=1",
					"$(inherited)",
				);
				GCC_SYMBOLS_PRIVATE_EXTERN = NO;
				GCC_WARN_ABOUT_RETURN_TYPE = YES;
				GCC_WARN_UNINITIALIZED_AUTOS = YES;
				GCC_WARN_UNUSED_VARIABLE = YES;
				IPHONEOS_DEPLOYMENT_TARGET = 6.1;
				ONLY_ACTIVE_ARCH = YES;
				SDKROOT = iphoneos;
			};
			name = Debug;
		};
		C72355B917433F3000A382CD /* Release */ = {
			isa = XCBuildConfiguration;
			buildSettings = {
				ALWAYS_SEARCH_USER_PATHS = NO;
				CLANG_CXX_LANGUAGE_STANDARD = "gnu++0x";
				CLANG_CXX_LIBRARY = "libc++";
				CLANG_ENABLE_OBJC_ARC = YES;
				CLANG_WARN_CONSTANT_CONVERSION = YES;
				CLANG_WARN_EMPTY_BODY = YES;
				CLANG_WARN_ENUM_CONVERSION = YES;
				CLANG_WARN_INT_CONVERSION = YES;
				CLANG_WARN__DUPLICATE_METHOD_MATCH = YES;
				"CODE_SIGN_IDENTITY[sdk=iphoneos*]" = "iPhone Developer";
				COPY_PHASE_STRIP = YES;
				GCC_C_LANGUAGE_STANDARD = gnu99;
				GCC_WARN_ABOUT_RETURN_TYPE = YES;
				GCC_WARN_UNINITIALIZED_AUTOS = YES;
				GCC_WARN_UNUSED_VARIABLE = YES;
				IPHONEOS_DEPLOYMENT_TARGET = 6.1;
				OTHER_CFLAGS = "-DNS_BLOCK_ASSERTIONS=1";
				SDKROOT = iphoneos;
				VALIDATE_PRODUCT = YES;
			};
			name = Release;
		};
		C72355BB17433F3000A382CD /* Debug */ = {
			isa = XCBuildConfiguration;
			buildSettings = {
				GCC_PRECOMPILE_PREFIX_HEADER = YES;
				GCC_PREFIX_HEADER = "Exercise5_4/Exercise5_4-Prefix.pch";
				INFOPLIST_FILE = "Exercise5_4/Exercise5_4-Info.plist";
				PRODUCT_NAME = "$(TARGET_NAME)";
				WRAPPER_EXTENSION = app;
			};
			name = Debug;
		};
		C72355BC17433F3000A382CD /* Release */ = {
			isa = XCBuildConfiguration;
			buildSettings = {
				GCC_PRECOMPILE_PREFIX_HEADER = YES;
				GCC_PREFIX_HEADER = "Exercise5_4/Exercise5_4-Prefix.pch";
				INFOPLIST_FILE = "Exercise5_4/Exercise5_4-Info.plist";
				PRODUCT_NAME = "$(TARGET_NAME)";
				WRAPPER_EXTENSION = app;
			};
			name = Release;
		};
/* End XCBuildConfiguration section */

/* Begin XCConfigurationList section */
		C723559217433F2F00A382CD /* Build configuration list for PBXProject "Exercise5_4" */ = {
			isa = XCConfigurationList;
			buildConfigurations = (
				C72355B817433F3000A382CD /* Debug */,
				C72355B917433F3000A382CD /* Release */,
			);
			defaultConfigurationIsVisible = 0;
			defaultConfigurationName = Release;
		};
		C72355BA17433F3000A382CD /* Build configuration list for PBXNativeTarget "Exercise5_4" */ = {
			isa = XCConfigurationList;
			buildConfigurations = (
				C72355BB17433F3000A382CD /* Debug */,
				C72355BC17433F3000A382CD /* Release */,
			);
			defaultConfigurationIsVisible = 0;
			defaultConfigurationName = Release;
		};
/* End XCConfigurationList section */
	};
	rootObject = C723558F17433F2F00A382CD /* Project object */;
}
